
Microsoft Visual Studio Solution File, Format Version 12.00
# Visual Studio Version 16
VisualStudioVersion = 16.0.30114.105
MinimumVisualStudioVersion = 10.0.40219.1
Project("{FAE04EC0-301F-11D3-BF4B-00C04F79EFBC}") = "OrderInformationWebApi", "OrderInformationWebApi\OrderInformationWebApi.csproj", "{A7E04D9A-1D19-46BA-9F69-03168AC36B89}"
EndProject
Project("{FAE04EC0-301F-11D3-BF4B-00C04F79EFBC}") = "OrderService", "OrderService\OrderService.csproj", "{5F104B6A-37A2-4029-9D80-DBA8244E8FE3}"
EndProject
Global
	GlobalSection(SolutionConfigurationPlatforms) = preSolution
		Debug|Any CPU = Debug|Any CPU
		Release|Any CPU = Release|Any CPU
	EndGlobalSection
	GlobalSection(ProjectConfigurationPlatforms) = postSolution
		{A7E04D9A-1D19-46BA-9F69-03168AC36B89}.Debug|Any CPU.ActiveCfg = Debug|Any CPU
		{A7E04D9A-1D19-46BA-9F69-03168AC36B89}.Debug|Any CPU.Build.0 = Debug|Any CPU
		{A7E04D9A-1D19-46BA-9F69-03168AC36B89}.Release|Any CPU.ActiveCfg = Release|Any CPU
		{A7E04D9A-1D19-46BA-9F69-03168AC36B89}.Release|Any CPU.Build.0 = Release|Any CPU
		{5F104B6A-37A2-4029-9D80-DBA8244E8FE3}.Debug|Any CPU.ActiveCfg = Debug|Any CPU
		{5F104B6A-37A2-4029-9D80-DBA8244E8FE3}.Debug|Any CPU.Build.0 = Debug|Any CPU
		{5F104B6A-37A2-4029-9D80-DBA8244E8FE3}.Release|Any CPU.ActiveCfg = Release|Any CPU
		{5F104B6A-37A2-4029-9D80-DBA8244E8FE3}.Release|Any CPU.Build.0 = Release|Any CPU
	EndGlobalSection
	GlobalSection(SolutionProperties) = preSolution
		HideSolutionNode = FALSE
	EndGlobalSection
	GlobalSection(ExtensibilityGlobals) = postSolution
		SolutionGuid = {CCF820AC-EFD2-4CEE-B08A-7AC46FC3E8A4}
	EndGlobalSection
EndGlobal
